
Microsoft Visual Studio Solution File, Format Version 11.00
# Visual Studio 2010
Project("{FAE04EC0-301F-11D3-BF4B-00C04F79EFBC}") = "backsub", "backsub\backsub.csproj", "{8AC674AC-026A-4BF2-87FE-1AB0A15E5FAB}"
EndProject
Project("{FAE04EC0-301F-11D3-BF4B-00C04F79EFBC}") = "OpenTK", "..\opentk\Source\OpenTK\OpenTK.csproj", "{A37A7E14-0000-0000-0000-000000000000}"
EndProject
Project("{FAE04EC0-301F-11D3-BF4B-00C04F79EFBC}") = "Imaging", "..\aforge\Sources\Imaging\Imaging.csproj", "{C6A8B9AE-0749-41C7-8FF9-02C156696F45}"
EndProject
Project("{FAE04EC0-301F-11D3-BF4B-00C04F79EFBC}") = "Core", "..\aforge\Sources\Core\Core.csproj", "{631AC093-430F-45F4-BA0C-AF0F0405918A}"
EndProject
Project("{FAE04EC0-301F-11D3-BF4B-00C04F79EFBC}") = "Math", "..\aforge\Sources\Math\Math.csproj", "{C0FAF524-72E4-46F7-8C1B-A6B74DEC5EBE}"
EndProject
Project("{FAE04EC0-301F-11D3-BF4B-00C04F79EFBC}") = "CPUVerify", "CPUVerify\CPUVerify.csproj", "{D391DBAB-CE74-47EE-9388-3E2BE5D89303}"
EndProject
Global
	GlobalSection(SolutionConfigurationPlatforms) = preSolution
		Debug|Any CPU = Debug|Any CPU
		Debug|Mixed Platforms = Debug|Mixed Platforms
		Debug|x86 = Debug|x86
		Documentation|Any CPU = Documentation|Any CPU
		Documentation|Mixed Platforms = Documentation|Mixed Platforms
		Documentation|x86 = Documentation|x86
		Nsis|Any CPU = Nsis|Any CPU
		Nsis|Mixed Platforms = Nsis|Mixed Platforms
		Nsis|x86 = Nsis|x86
		Release|Any CPU = Release|Any CPU
		Release|Mixed Platforms = Release|Mixed Platforms
		Release|x86 = Release|x86
	EndGlobalSection
	GlobalSection(ProjectConfigurationPlatforms) = postSolution
		{8AC674AC-026A-4BF2-87FE-1AB0A15E5FAB}.Debug|Any CPU.ActiveCfg = Debug|x86
		{8AC674AC-026A-4BF2-87FE-1AB0A15E5FAB}.Debug|Mixed Platforms.ActiveCfg = Debug|x86
		{8AC674AC-026A-4BF2-87FE-1AB0A15E5FAB}.Debug|Mixed Platforms.Build.0 = Debug|x86
		{8AC674AC-026A-4BF2-87FE-1AB0A15E5FAB}.Debug|x86.ActiveCfg = Debug|x86
		{8AC674AC-026A-4BF2-87FE-1AB0A15E5FAB}.Debug|x86.Build.0 = Debug|x86
		{8AC674AC-026A-4BF2-87FE-1AB0A15E5FAB}.Documentation|Any CPU.ActiveCfg = Debug|x86
		{8AC674AC-026A-4BF2-87FE-1AB0A15E5FAB}.Documentation|Mixed Platforms.ActiveCfg = Debug|x86
		{8AC674AC-026A-4BF2-87FE-1AB0A15E5FAB}.Documentation|Mixed Platforms.Build.0 = Debug|x86
		{8AC674AC-026A-4BF2-87FE-1AB0A15E5FAB}.Documentation|x86.ActiveCfg = Debug|x86
		{8AC674AC-026A-4BF2-87FE-1AB0A15E5FAB}.Documentation|x86.Build.0 = Debug|x86
		{8AC674AC-026A-4BF2-87FE-1AB0A15E5FAB}.Nsis|Any CPU.ActiveCfg = Release|x86
		{8AC674AC-026A-4BF2-87FE-1AB0A15E5FAB}.Nsis|Mixed Platforms.ActiveCfg = Release|x86
		{8AC674AC-026A-4BF2-87FE-1AB0A15E5FAB}.Nsis|Mixed Platforms.Build.0 = Release|x86
		{8AC674AC-026A-4BF2-87FE-1AB0A15E5FAB}.Nsis|x86.ActiveCfg = Release|x86
		{8AC674AC-026A-4BF2-87FE-1AB0A15E5FAB}.Nsis|x86.Build.0 = Release|x86
		{8AC674AC-026A-4BF2-87FE-1AB0A15E5FAB}.Release|Any CPU.ActiveCfg = Release|x86
		{8AC674AC-026A-4BF2-87FE-1AB0A15E5FAB}.Release|Mixed Platforms.ActiveCfg = Release|x86
		{8AC674AC-026A-4BF2-87FE-1AB0A15E5FAB}.Release|Mixed Platforms.Build.0 = Release|x86
		{8AC674AC-026A-4BF2-87FE-1AB0A15E5FAB}.Release|x86.ActiveCfg = Release|x86
		{8AC674AC-026A-4BF2-87FE-1AB0A15E5FAB}.Release|x86.Build.0 = Release|x86
		{A37A7E14-0000-0000-0000-000000000000}.Debug|Any CPU.ActiveCfg = Debug|Any CPU
		{A37A7E14-0000-0000-0000-000000000000}.Debug|Any CPU.Build.0 = Debug|Any CPU
		{A37A7E14-0000-0000-0000-000000000000}.Debug|Mixed Platforms.ActiveCfg = Debug|Any CPU
		{A37A7E14-0000-0000-0000-000000000000}.Debug|Mixed Platforms.Build.0 = Debug|Any CPU
		{A37A7E14-0000-0000-0000-000000000000}.Debug|x86.ActiveCfg = Debug|Any CPU
		{A37A7E14-0000-0000-0000-000000000000}.Documentation|Any CPU.ActiveCfg = Documentation|Any CPU
		{A37A7E14-0000-0000-0000-000000000000}.Documentation|Any CPU.Build.0 = Documentation|Any CPU
		{A37A7E14-0000-0000-0000-000000000000}.Documentation|Mixed Platforms.ActiveCfg = Documentation|Any CPU
		{A37A7E14-0000-0000-0000-000000000000}.Documentation|Mixed Platforms.Build.0 = Documentation|Any CPU
		{A37A7E14-0000-0000-0000-000000000000}.Documentation|x86.ActiveCfg = Documentation|Any CPU
		{A37A7E14-0000-0000-0000-000000000000}.Nsis|Any CPU.ActiveCfg = Nsis|Any CPU
		{A37A7E14-0000-0000-0000-000000000000}.Nsis|Any CPU.Build.0 = Nsis|Any CPU
		{A37A7E14-0000-0000-0000-000000000000}.Nsis|Mixed Platforms.ActiveCfg = Nsis|Any CPU
		{A37A7E14-0000-0000-0000-000000000000}.Nsis|Mixed Platforms.Build.0 = Nsis|Any CPU
		{A37A7E14-0000-0000-0000-000000000000}.Nsis|x86.ActiveCfg = Nsis|Any CPU
		{A37A7E14-0000-0000-0000-000000000000}.Release|Any CPU.ActiveCfg = Release|Any CPU
		{A37A7E14-0000-0000-0000-000000000000}.Release|Any CPU.Build.0 = Release|Any CPU
		{A37A7E14-0000-0000-0000-000000000000}.Release|Mixed Platforms.ActiveCfg = Release|Any CPU
		{A37A7E14-0000-0000-0000-000000000000}.Release|Mixed Platforms.Build.0 = Release|Any CPU
		{A37A7E14-0000-0000-0000-000000000000}.Release|x86.ActiveCfg = Release|Any CPU
		{C6A8B9AE-0749-41C7-8FF9-02C156696F45}.Debug|Any CPU.ActiveCfg = Debug|Any CPU
		{C6A8B9AE-0749-41C7-8FF9-02C156696F45}.Debug|Any CPU.Build.0 = Debug|Any CPU
		{C6A8B9AE-0749-41C7-8FF9-02C156696F45}.Debug|Mixed Platforms.ActiveCfg = Debug|Any CPU
		{C6A8B9AE-0749-41C7-8FF9-02C156696F45}.Debug|Mixed Platforms.Build.0 = Debug|Any CPU
		{C6A8B9AE-0749-41C7-8FF9-02C156696F45}.Debug|x86.ActiveCfg = Debug|Any CPU
		{C6A8B9AE-0749-41C7-8FF9-02C156696F45}.Documentation|Any CPU.ActiveCfg = Debug|Any CPU
		{C6A8B9AE-0749-41C7-8FF9-02C156696F45}.Documentation|Any CPU.Build.0 = Debug|Any CPU
		{C6A8B9AE-0749-41C7-8FF9-02C156696F45}.Documentation|Mixed Platforms.ActiveCfg = Debug|Any CPU
		{C6A8B9AE-0749-41C7-8FF9-02C156696F45}.Documentation|Mixed Platforms.Build.0 = Debug|Any CPU
		{C6A8B9AE-0749-41C7-8FF9-02C156696F45}.Documentation|x86.ActiveCfg = Debug|Any CPU
		{C6A8B9AE-0749-41C7-8FF9-02C156696F45}.Nsis|Any CPU.ActiveCfg = Release|Any CPU
		{C6A8B9AE-0749-41C7-8FF9-02C156696F45}.Nsis|Any CPU.Build.0 = Release|Any CPU
		{C6A8B9AE-0749-41C7-8FF9-02C156696F45}.Nsis|Mixed Platforms.ActiveCfg = Release|Any CPU
		{C6A8B9AE-0749-41C7-8FF9-02C156696F45}.Nsis|Mixed Platforms.Build.0 = Release|Any CPU
		{C6A8B9AE-0749-41C7-8FF9-02C156696F45}.Nsis|x86.ActiveCfg = Release|Any CPU
		{C6A8B9AE-0749-41C7-8FF9-02C156696F45}.Release|Any CPU.ActiveCfg = Release|Any CPU
		{C6A8B9AE-0749-41C7-8FF9-02C156696F45}.Release|Any CPU.Build.0 = Release|Any CPU
		{C6A8B9AE-0749-41C7-8FF9-02C156696F45}.Release|Mixed Platforms.ActiveCfg = Release|Any CPU
		{C6A8B9AE-0749-41C7-8FF9-02C156696F45}.Release|Mixed Platforms.Build.0 = Release|Any CPU
		{C6A8B9AE-0749-41C7-8FF9-02C156696F45}.Release|x86.ActiveCfg = Release|Any CPU
		{631AC093-430F-45F4-BA0C-AF0F0405918A}.Debug|Any CPU.ActiveCfg = Debug|Any CPU
		{631AC093-430F-45F4-BA0C-AF0F0405918A}.Debug|Any CPU.Build.0 = Debug|Any CPU
		{631AC093-430F-45F4-BA0C-AF0F0405918A}.Debug|Mixed Platforms.ActiveCfg = Debug|Any CPU
		{631AC093-430F-45F4-BA0C-AF0F0405918A}.Debug|Mixed Platforms.Build.0 = Debug|Any CPU
		{631AC093-430F-45F4-BA0C-AF0F0405918A}.Debug|x86.ActiveCfg = Debug|Any CPU
		{631AC093-430F-45F4-BA0C-AF0F0405918A}.Documentation|Any CPU.ActiveCfg = Debug|Any CPU
		{631AC093-430F-45F4-BA0C-AF0F0405918A}.Documentation|Any CPU.Build.0 = Debug|Any CPU
		{631AC093-430F-45F4-BA0C-AF0F0405918A}.Documentation|Mixed Platforms.ActiveCfg = Debug|Any CPU
		{631AC093-430F-45F4-BA0C-AF0F0405918A}.Documentation|Mixed Platforms.Build.0 = Debug|Any CPU
		{631AC093-430F-45F4-BA0C-AF0F0405918A}.Documentation|x86.ActiveCfg = Debug|Any CPU
		{631AC093-430F-45F4-BA0C-AF0F0405918A}.Nsis|Any CPU.ActiveCfg = Release|Any CPU
		{631AC093-430F-45F4-BA0C-AF0F0405918A}.Nsis|Any CPU.Build.0 = Release|Any CPU
		{631AC093-430F-45F4-BA0C-AF0F0405918A}.Nsis|Mixed Platforms.ActiveCfg = Release|Any CPU
		{631AC093-430F-45F4-BA0C-AF0F0405918A}.Nsis|Mixed Platforms.Build.0 = Release|Any CPU
		{631AC093-430F-45F4-BA0C-AF0F0405918A}.Nsis|x86.ActiveCfg = Release|Any CPU
		{631AC093-430F-45F4-BA0C-AF0F0405918A}.Release|Any CPU.ActiveCfg = Release|Any CPU
		{631AC093-430F-45F4-BA0C-AF0F0405918A}.Release|Any CPU.Build.0 = Release|Any CPU
		{631AC093-430F-45F4-BA0C-AF0F0405918A}.Release|Mixed Platforms.ActiveCfg = Release|Any CPU
		{631AC093-430F-45F4-BA0C-AF0F0405918A}.Release|Mixed Platforms.Build.0 = Release|Any CPU
		{631AC093-430F-45F4-BA0C-AF0F0405918A}.Release|x86.ActiveCfg = Release|Any CPU
		{C0FAF524-72E4-46F7-8C1B-A6B74DEC5EBE}.Debug|Any CPU.ActiveCfg = Debug|Any CPU
		{C0FAF524-72E4-46F7-8C1B-A6B74DEC5EBE}.Debug|Any CPU.Build.0 = Debug|Any CPU
		{C0FAF524-72E4-46F7-8C1B-A6B74DEC5EBE}.Debug|Mixed Platforms.ActiveCfg = Debug|Any CPU
		{C0FAF524-72E4-46F7-8C1B-A6B74DEC5EBE}.Debug|Mixed Platforms.Build.0 = Debug|Any CPU
		{C0FAF524-72E4-46F7-8C1B-A6B74DEC5EBE}.Debug|x86.ActiveCfg = Debug|Any CPU
		{C0FAF524-72E4-46F7-8C1B-A6B74DEC5EBE}.Documentation|Any CPU.ActiveCfg = Debug|Any CPU
		{C0FAF524-72E4-46F7-8C1B-A6B74DEC5EBE}.Documentation|Any CPU.Build.0 = Debug|Any CPU
		{C0FAF524-72E4-46F7-8C1B-A6B74DEC5EBE}.Documentation|Mixed Platforms.ActiveCfg = Debug|Any CPU
		{C0FAF524-72E4-46F7-8C1B-A6B74DEC5EBE}.Documentation|Mixed Platforms.Build.0 = Debug|Any CPU
		{C0FAF524-72E4-46F7-8C1B-A6B74DEC5EBE}.Documentation|x86.ActiveCfg = Debug|Any CPU
		{C0FAF524-72E4-46F7-8C1B-A6B74DEC5EBE}.Nsis|Any CPU.ActiveCfg = Release|Any CPU
		{C0FAF524-72E4-46F7-8C1B-A6B74DEC5EBE}.Nsis|Any CPU.Build.0 = Release|Any CPU
		{C0FAF524-72E4-46F7-8C1B-A6B74DEC5EBE}.Nsis|Mixed Platforms.ActiveCfg = Release|Any CPU
		{C0FAF524-72E4-46F7-8C1B-A6B74DEC5EBE}.Nsis|Mixed Platforms.Build.0 = Release|Any CPU
		{C0FAF524-72E4-46F7-8C1B-A6B74DEC5EBE}.Nsis|x86.ActiveCfg = Release|Any CPU
		{C0FAF524-72E4-46F7-8C1B-A6B74DEC5EBE}.Release|Any CPU.ActiveCfg = Release|Any CPU
		{C0FAF524-72E4-46F7-8C1B-A6B74DEC5EBE}.Release|Any CPU.Build.0 = Release|Any CPU
		{C0FAF524-72E4-46F7-8C1B-A6B74DEC5EBE}.Release|Mixed Platforms.ActiveCfg = Release|Any CPU
		{C0FAF524-72E4-46F7-8C1B-A6B74DEC5EBE}.Release|Mixed Platforms.Build.0 = Release|Any CPU
		{C0FAF524-72E4-46F7-8C1B-A6B74DEC5EBE}.Release|x86.ActiveCfg = Release|Any CPU
		{D391DBAB-CE74-47EE-9388-3E2BE5D89303}.Debug|Any CPU.ActiveCfg = Debug|x86
		{D391DBAB-CE74-47EE-9388-3E2BE5D89303}.Debug|Mixed Platforms.ActiveCfg = Debug|x86
		{D391DBAB-CE74-47EE-9388-3E2BE5D89303}.Debug|Mixed Platforms.Build.0 = Debug|x86
		{D391DBAB-CE74-47EE-9388-3E2BE5D89303}.Debug|x86.ActiveCfg = Debug|x86
		{D391DBAB-CE74-47EE-9388-3E2BE5D89303}.Debug|x86.Build.0 = Debug|x86
		{D391DBAB-CE74-47EE-9388-3E2BE5D89303}.Documentation|Any CPU.ActiveCfg = Debug|x86
		{D391DBAB-CE74-47EE-9388-3E2BE5D89303}.Documentation|Mixed Platforms.ActiveCfg = Debug|x86
		{D391DBAB-CE74-47EE-9388-3E2BE5D89303}.Documentation|Mixed Platforms.Build.0 = Debug|x86
		{D391DBAB-CE74-47EE-9388-3E2BE5D89303}.Documentation|x86.ActiveCfg = Debug|x86
		{D391DBAB-CE74-47EE-9388-3E2BE5D89303}.Documentation|x86.Build.0 = Debug|x86
		{D391DBAB-CE74-47EE-9388-3E2BE5D89303}.Nsis|Any CPU.ActiveCfg = Release|x86
		{D391DBAB-CE74-47EE-9388-3E2BE5D89303}.Nsis|Mixed Platforms.ActiveCfg = Release|x86
		{D391DBAB-CE74-47EE-9388-3E2BE5D89303}.Nsis|Mixed Platforms.Build.0 = Release|x86
		{D391DBAB-CE74-47EE-9388-3E2BE5D89303}.Nsis|x86.ActiveCfg = Release|x86
		{D391DBAB-CE74-47EE-9388-3E2BE5D89303}.Nsis|x86.Build.0 = Release|x86
		{D391DBAB-CE74-47EE-9388-3E2BE5D89303}.Release|Any CPU.ActiveCfg = Release|x86
		{D391DBAB-CE74-47EE-9388-3E2BE5D89303}.Release|Mixed Platforms.ActiveCfg = Release|x86
		{D391DBAB-CE74-47EE-9388-3E2BE5D89303}.Release|Mixed Platforms.Build.0 = Release|x86
		{D391DBAB-CE74-47EE-9388-3E2BE5D89303}.Release|x86.ActiveCfg = Release|x86
		{D391DBAB-CE74-47EE-9388-3E2BE5D89303}.Release|x86.Build.0 = Release|x86
	EndGlobalSection
	GlobalSection(SolutionProperties) = preSolution
		HideSolutionNode = FALSE
	EndGlobalSection
EndGlobal
